<?xml version="1.0" encoding="utf-8"?>
<Project ToolsVersion="4.0" xmlns="http://schemas.microsoft.com/developer/msbuild/2003">
  <ItemGroup>
    <Filter Include="Source Files">
      <UniqueIdentifier>{4FC737F1-C7A5-4376-A066-2A32D752A2FF}</UniqueIdentifier>
      <Extensions>cpp;c;cc;cxx;def;odl;idl;hpj;bat;asm;asmx</Extensions>
    </Filter>
    <Filter Include="Header Files">
      <UniqueIdentifier>{93995380-89BD-4b04-88EB-625FBE52EBFB}</UniqueIdentifier>
      <Extensions>h;hh;hpp;hxx;hm;inl;inc;xsd</Extensions>
    </Filter>
    <Filter Include="Resource Files">
      <UniqueIdentifier>{67DA6AB6-F800-4c08-8B7A-83BB121AAD01}</UniqueIdentifier>
      <Extensions>rc;ico;cur;bmp;dlg;rc2;rct;bin;rgs;gif;jpg;jpeg;jpe;resx;tiff;tif;png;wav;mfcribbon-ms</Extensions>
    </Filter>
    <Filter Include="Source Files\extensions">
      <UniqueIdentifier>{c36fb90a-247b-40fd-bd08-c94f304ece72}</UniqueIdentifier>
    </Filter>
    <Filter Include="Source Files\examples">
      <UniqueIdentifier>{6476914d-8c03-4f33-ac51-f85f1d3479da}</UniqueIdentifier>
    </Filter>
    <Filter Include="Source Files\commands">
      <UniqueIdentifier>{8a2617e1-4a44-4af9-aa44-c191d36f239e}</UniqueIdentifier>
    </Filter>
  </ItemGroup>
  <ItemGroup>
    <ClInclude Include="terminal.h">
      <Filter>Header Files</Filter>
    </ClInclude>
    <ClInclude Include="keymap.h">
      <Filter>Header Files</Filter>
    </ClInclude>
    <ClInclude Include="editor.h">
      <Filter>Header Files</Filter>
    </ClInclude>
    <ClInclude Include="history.h">
      <Filter>Header Files</Filter>
    </ClInclude>
    <ClInclude Include="procshell.h">
      <Filter>Header Files</Filter>
    </ClInclude>
    <ClInclude Include="commands.h">
      <Filter>Header Files</Filter>
    </ClInclude>
    <ClInclude Include="extensions\auto_complete.h">
      <Filter>Source Files\extensions</Filter>
    </ClInclude>
    <ClInclude Include="examples\stdafx.h">
      <Filter>Source Files\examples</Filter>
    </ClInclude>
    <ClInclude Include="examples\targetver.h">
      <Filter>Source Files\examples</Filter>
    </ClInclude>
    <ClInclude Include="commands\cmd_history.h">
      <Filter>Source Files\commands</Filter>
    </ClInclude>
  </ItemGroup>
  <ItemGroup>
    <ClCompile Include="windows.cpp">
      <Filter>Source Files</Filter>
    </ClCompile>
    <ClCompile Include="telnet_terminal.cpp">
      <Filter>Source Files</Filter>
    </ClCompile>
    <ClCompile Include="local_terminal.cpp">
      <Filter>Source Files</Filter>
    </ClCompile>
    <ClCompile Include="editor.cpp">
      <Filter>Source Files</Filter>
    </ClCompile>
    <ClCompile Include="keymap.cpp">
      <Filter>Source Files</Filter>
    </ClCompile>
    <ClCompile Include="history.cpp">
      <Filter>Source Files</Filter>
    </ClCompile>
    <ClCompile Include="commands.cpp">
      <Filter>Source Files</Filter>
    </ClCompile>
    <ClCompile Include="extensions\auto_complete.cpp">
      <Filter>Source Files\extensions</Filter>
    </ClCompile>
    <ClCompile Include="examples\shell_example1.cpp">
      <Filter>Source Files\examples</Filter>
    </ClCompile>
    <ClCompile Include="examples\stdafx.cpp">
      <Filter>Source Files\examples</Filter>
    </ClCompile>
    <ClCompile Include="commands\cmd_history.cpp">
      <Filter>Source Files\commands</Filter>
    </ClCompile>
    <ClCompile Include="examples\shell_example2.cpp">
      <Filter>Source Files\examples</Filter>
    </ClCompile>
  </ItemGroup>
</Project>